
Microsoft Visual Studio Solution File, Format Version 12.00
# Visual Studio Version 16
VisualStudioVersion = 16.0.30002.166
MinimumVisualStudioVersion = 10.0.40219.1
Project("{FAE04EC0-301F-11D3-BF4B-00C04F79EFBC}") = "BlazorApp1", "BlazorApp1.csproj", "{163F646E-FD6D-4584-A150-C3624D521A36}"
EndProject
Project("{9A19103F-16F7-4668-BE54-9A1E7A4F7556}") = "MDCLogArchitecture.Models", "..\..\MDCLogArchitecture\MDCLog.Models\MDCLogArchitecture.Models.csproj", "{E41AE7AE-6C78-42A4-9A9A-7CAE7883ECAE}"
EndProject
Project("{9A19103F-16F7-4668-BE54-9A1E7A4F7556}") = "MDCLogArchitecture.DataAccess", "..\..\MDCLogArchitecture\DataAccess\MDCLogArchitecture.DataAccess.csproj", "{90B2389F-E80C-49F7-A012-AF4398C4ED7D}"
EndProject
Project("{9A19103F-16F7-4668-BE54-9A1E7A4F7556}") = "MDCLogArchitecture.Services", "..\..\MDCLogArchitecture\MDCLogArchitecture.Services\MDCLogArchitecture.Services.csproj", "{FA022158-3E74-462F-A923-BFD416B0E3A9}"
EndProject
Global
	GlobalSection(SolutionConfigurationPlatforms) = preSolution
		Debug|Any CPU = Debug|Any CPU
		Release|Any CPU = Release|Any CPU
	EndGlobalSection
	GlobalSection(ProjectConfigurationPlatforms) = postSolution
		{163F646E-FD6D-4584-A150-C3624D521A36}.Debug|Any CPU.ActiveCfg = Debug|Any CPU
		{163F646E-FD6D-4584-A150-C3624D521A36}.Debug|Any CPU.Build.0 = Debug|Any CPU
		{163F646E-FD6D-4584-A150-C3624D521A36}.Release|Any CPU.ActiveCfg = Release|Any CPU
		{163F646E-FD6D-4584-A150-C3624D521A36}.Release|Any CPU.Build.0 = Release|Any CPU
		{E41AE7AE-6C78-42A4-9A9A-7CAE7883ECAE}.Debug|Any CPU.ActiveCfg = Debug|Any CPU
		{E41AE7AE-6C78-42A4-9A9A-7CAE7883ECAE}.Debug|Any CPU.Build.0 = Debug|Any CPU
		{E41AE7AE-6C78-42A4-9A9A-7CAE7883ECAE}.Release|Any CPU.ActiveCfg = Release|Any CPU
		{E41AE7AE-6C78-42A4-9A9A-7CAE7883ECAE}.Release|Any CPU.Build.0 = Release|Any CPU
		{90B2389F-E80C-49F7-A012-AF4398C4ED7D}.Debug|Any CPU.ActiveCfg = Debug|Any CPU
		{90B2389F-E80C-49F7-A012-AF4398C4ED7D}.Debug|Any CPU.Build.0 = Debug|Any CPU
		{90B2389F-E80C-49F7-A012-AF4398C4ED7D}.Release|Any CPU.ActiveCfg = Release|Any CPU
		{90B2389F-E80C-49F7-A012-AF4398C4ED7D}.Release|Any CPU.Build.0 = Release|Any CPU
		{FA022158-3E74-462F-A923-BFD416B0E3A9}.Debug|Any CPU.ActiveCfg = Debug|Any CPU
		{FA022158-3E74-462F-A923-BFD416B0E3A9}.Debug|Any CPU.Build.0 = Debug|Any CPU
		{FA022158-3E74-462F-A923-BFD416B0E3A9}.Release|Any CPU.ActiveCfg = Release|Any CPU
		{FA022158-3E74-462F-A923-BFD416B0E3A9}.Release|Any CPU.Build.0 = Release|Any CPU
	EndGlobalSection
	GlobalSection(SolutionProperties) = preSolution
		HideSolutionNode = FALSE
	EndGlobalSection
	GlobalSection(ExtensibilityGlobals) = postSolution
		SolutionGuid = {76CE253B-5E50-4E53-BE1B-AE846E12B390}
	EndGlobalSection
EndGlobal
