
Microsoft Visual Studio Solution File, Format Version 12.00
# Visual Studio 15
VisualStudioVersion = 15.0.28010.2041
MinimumVisualStudioVersion = 10.0.40219.1
Project("{9A19103F-16F7-4668-BE54-9A1E7A4F7556}") = "MDCLog.Models", "MDCLog.Models.csproj", "{BDF8AED1-A486-47AF-9D69-658C34112003}"
EndProject
Project("{FAE04EC0-301F-11D3-BF4B-00C04F79EFBC}") = "MDCLog.Services", "MDCLog.Services\MDCLog.Services.csproj", "{630BF22A-03E3-4536-9484-96CD93307D42}"
EndProject
Global
	GlobalSection(SolutionConfigurationPlatforms) = preSolution
		Debug|Any CPU = Debug|Any CPU
		Release|Any CPU = Release|Any CPU
	EndGlobalSection
	GlobalSection(ProjectConfigurationPlatforms) = postSolution
		{BDF8AED1-A486-47AF-9D69-658C34112003}.Debug|Any CPU.ActiveCfg = Debug|Any CPU
		{BDF8AED1-A486-47AF-9D69-658C34112003}.Debug|Any CPU.Build.0 = Debug|Any CPU
		{BDF8AED1-A486-47AF-9D69-658C34112003}.Release|Any CPU.ActiveCfg = Release|Any CPU
		{BDF8AED1-A486-47AF-9D69-658C34112003}.Release|Any CPU.Build.0 = Release|Any CPU
		{630BF22A-03E3-4536-9484-96CD93307D42}.Debug|Any CPU.ActiveCfg = Debug|Any CPU
		{630BF22A-03E3-4536-9484-96CD93307D42}.Debug|Any CPU.Build.0 = Debug|Any CPU
		{630BF22A-03E3-4536-9484-96CD93307D42}.Release|Any CPU.ActiveCfg = Release|Any CPU
		{630BF22A-03E3-4536-9484-96CD93307D42}.Release|Any CPU.Build.0 = Release|Any CPU
	EndGlobalSection
	GlobalSection(SolutionProperties) = preSolution
		HideSolutionNode = FALSE
	EndGlobalSection
	GlobalSection(ExtensibilityGlobals) = postSolution
		SolutionGuid = {D61EA4BB-78C1-4A73-824C-150AD49B8565}
	EndGlobalSection
EndGlobal
