
Microsoft Visual Studio Solution File, Format Version 12.00
# Visual Studio Version 16
VisualStudioVersion = 16.0.29911.84
MinimumVisualStudioVersion = 10.0.40219.1
Project("{9A19103F-16F7-4668-BE54-9A1E7A4F7556}") = "MDCLogArchitecture.Models", "MDCLogArchitecture.Models.csproj", "{BDF8AED1-A486-47AF-9D69-658C34112003}"
EndProject
Project("{9A19103F-16F7-4668-BE54-9A1E7A4F7556}") = "MDCLogArchitecture.DataAccess", "..\DataAccess\MDCLogArchitecture.DataAccess.csproj", "{24FBA601-7341-4510-B012-CBAEF248CD60}"
EndProject
Project("{9A19103F-16F7-4668-BE54-9A1E7A4F7556}") = "MDCLogArchitecture.Services", "..\MDCLogArchitecture.Services\MDCLogArchitecture.Services.csproj", "{77456E35-B072-4727-97EA-A92F0CB7F78D}"
EndProject
Project("{9A19103F-16F7-4668-BE54-9A1E7A4F7556}") = "MDCLogArchitecture.RazorPages", "..\MDCLogArchitecture.RazorPages\MDCLogArchitecture.RazorPages.csproj", "{783CD573-6DC0-4BAC-978C-2F4E2C4993B1}"
EndProject
Global
	GlobalSection(SolutionConfigurationPlatforms) = preSolution
		Debug|Any CPU = Debug|Any CPU
		Release|Any CPU = Release|Any CPU
	EndGlobalSection
	GlobalSection(ProjectConfigurationPlatforms) = postSolution
		{BDF8AED1-A486-47AF-9D69-658C34112003}.Debug|Any CPU.ActiveCfg = Debug|Any CPU
		{BDF8AED1-A486-47AF-9D69-658C34112003}.Debug|Any CPU.Build.0 = Debug|Any CPU
		{BDF8AED1-A486-47AF-9D69-658C34112003}.Release|Any CPU.ActiveCfg = Release|Any CPU
		{BDF8AED1-A486-47AF-9D69-658C34112003}.Release|Any CPU.Build.0 = Release|Any CPU
		{24FBA601-7341-4510-B012-CBAEF248CD60}.Debug|Any CPU.ActiveCfg = Debug|Any CPU
		{24FBA601-7341-4510-B012-CBAEF248CD60}.Debug|Any CPU.Build.0 = Debug|Any CPU
		{24FBA601-7341-4510-B012-CBAEF248CD60}.Release|Any CPU.ActiveCfg = Release|Any CPU
		{24FBA601-7341-4510-B012-CBAEF248CD60}.Release|Any CPU.Build.0 = Release|Any CPU
		{77456E35-B072-4727-97EA-A92F0CB7F78D}.Debug|Any CPU.ActiveCfg = Debug|Any CPU
		{77456E35-B072-4727-97EA-A92F0CB7F78D}.Debug|Any CPU.Build.0 = Debug|Any CPU
		{77456E35-B072-4727-97EA-A92F0CB7F78D}.Release|Any CPU.ActiveCfg = Release|Any CPU
		{77456E35-B072-4727-97EA-A92F0CB7F78D}.Release|Any CPU.Build.0 = Release|Any CPU
		{783CD573-6DC0-4BAC-978C-2F4E2C4993B1}.Debug|Any CPU.ActiveCfg = Debug|Any CPU
		{783CD573-6DC0-4BAC-978C-2F4E2C4993B1}.Debug|Any CPU.Build.0 = Debug|Any CPU
		{783CD573-6DC0-4BAC-978C-2F4E2C4993B1}.Release|Any CPU.ActiveCfg = Release|Any CPU
		{783CD573-6DC0-4BAC-978C-2F4E2C4993B1}.Release|Any CPU.Build.0 = Release|Any CPU
	EndGlobalSection
	GlobalSection(SolutionProperties) = preSolution
		HideSolutionNode = FALSE
	EndGlobalSection
	GlobalSection(ExtensibilityGlobals) = postSolution
		SolutionGuid = {D61EA4BB-78C1-4A73-824C-150AD49B8565}
	EndGlobalSection
EndGlobal
